
Microsoft Visual Studio Solution File, Format Version 12.00
# Visual Studio 14
VisualStudioVersion = 14.0.25420.1
MinimumVisualStudioVersion = 10.0.40219.1
Project("{FAE04EC0-301F-11D3-BF4B-00C04F79EFBC}") = "FloatingActionButtonOrnek", "FloatingActionButtonOrnek\FloatingActionButtonOrnek\FloatingActionButtonOrnek.csproj", "{C4CD4CB7-7803-46FB-B420-9D85306C6460}"
EndProject
Project("{FAE04EC0-301F-11D3-BF4B-00C04F79EFBC}") = "FloatingActionButtonOrnek.Droid", "FloatingActionButtonOrnek\FloatingActionButtonOrnek.Droid\FloatingActionButtonOrnek.Droid.csproj", "{8DF00166-7B52-4A97-93BE-4591E41C3346}"
EndProject
Project("{FAE04EC0-301F-11D3-BF4B-00C04F79EFBC}") = "FloatingActionButtonOrnek.iOS", "FloatingActionButtonOrnek\FloatingActionButtonOrnek.iOS\FloatingActionButtonOrnek.iOS.csproj", "{7741E51C-60B5-45D9-90F9-96119474EF02}"
EndProject
Project("{FAE04EC0-301F-11D3-BF4B-00C04F79EFBC}") = "FloatingActionButtonOrnek.WinPhone", "FloatingActionButtonOrnek\FloatingActionButtonOrnek.WinPhone\FloatingActionButtonOrnek.WinPhone.csproj", "{4AE6DCBF-58A7-4E0E-B174-8EA1C0F8F642}"
EndProject
Project("{FAE04EC0-301F-11D3-BF4B-00C04F79EFBC}") = "FloatingActionButtonOrnek.Windows", "FloatingActionButtonOrnek\FloatingActionButtonOrnek.Windows\FloatingActionButtonOrnek.Windows.csproj", "{B3ADB4FD-A373-4014-BF78-A21FA384C26B}"
EndProject
Global
	GlobalSection(SolutionConfigurationPlatforms) = preSolution
		Ad-Hoc|Any CPU = Ad-Hoc|Any CPU
		Ad-Hoc|ARM = Ad-Hoc|ARM
		Ad-Hoc|iPhone = Ad-Hoc|iPhone
		Ad-Hoc|iPhoneSimulator = Ad-Hoc|iPhoneSimulator
		Ad-Hoc|x64 = Ad-Hoc|x64
		Ad-Hoc|x86 = Ad-Hoc|x86
		AppStore|Any CPU = AppStore|Any CPU
		AppStore|ARM = AppStore|ARM
		AppStore|iPhone = AppStore|iPhone
		AppStore|iPhoneSimulator = AppStore|iPhoneSimulator
		AppStore|x64 = AppStore|x64
		AppStore|x86 = AppStore|x86
		Debug|Any CPU = Debug|Any CPU
		Debug|ARM = Debug|ARM
		Debug|iPhone = Debug|iPhone
		Debug|iPhoneSimulator = Debug|iPhoneSimulator
		Debug|x64 = Debug|x64
		Debug|x86 = Debug|x86
		Release|Any CPU = Release|Any CPU
		Release|ARM = Release|ARM
		Release|iPhone = Release|iPhone
		Release|iPhoneSimulator = Release|iPhoneSimulator
		Release|x64 = Release|x64
		Release|x86 = Release|x86
	EndGlobalSection
	GlobalSection(ProjectConfigurationPlatforms) = postSolution
		{C4CD4CB7-7803-46FB-B420-9D85306C6460}.Ad-Hoc|Any CPU.ActiveCfg = Release|Any CPU
		{C4CD4CB7-7803-46FB-B420-9D85306C6460}.Ad-Hoc|Any CPU.Build.0 = Release|Any CPU
		{C4CD4CB7-7803-46FB-B420-9D85306C6460}.Ad-Hoc|ARM.ActiveCfg = Release|Any CPU
		{C4CD4CB7-7803-46FB-B420-9D85306C6460}.Ad-Hoc|ARM.Build.0 = Release|Any CPU
		{C4CD4CB7-7803-46FB-B420-9D85306C6460}.Ad-Hoc|iPhone.ActiveCfg = Release|Any CPU
		{C4CD4CB7-7803-46FB-B420-9D85306C6460}.Ad-Hoc|iPhone.Build.0 = Release|Any CPU
		{C4CD4CB7-7803-46FB-B420-9D85306C6460}.Ad-Hoc|iPhoneSimulator.ActiveCfg = Release|Any CPU
		{C4CD4CB7-7803-46FB-B420-9D85306C6460}.Ad-Hoc|iPhoneSimulator.Build.0 = Release|Any CPU
		{C4CD4CB7-7803-46FB-B420-9D85306C6460}.Ad-Hoc|x64.ActiveCfg = Release|Any CPU
		{C4CD4CB7-7803-46FB-B420-9D85306C6460}.Ad-Hoc|x64.Build.0 = Release|Any CPU
		{C4CD4CB7-7803-46FB-B420-9D85306C6460}.Ad-Hoc|x86.ActiveCfg = Release|Any CPU
		{C4CD4CB7-7803-46FB-B420-9D85306C6460}.Ad-Hoc|x86.Build.0 = Release|Any CPU
		{C4CD4CB7-7803-46FB-B420-9D85306C6460}.AppStore|Any CPU.ActiveCfg = Release|Any CPU
		{C4CD4CB7-7803-46FB-B420-9D85306C6460}.AppStore|Any CPU.Build.0 = Release|Any CPU
		{C4CD4CB7-7803-46FB-B420-9D85306C6460}.AppStore|ARM.ActiveCfg = Release|Any CPU
		{C4CD4CB7-7803-46FB-B420-9D85306C6460}.AppStore|ARM.Build.0 = Release|Any CPU
		{C4CD4CB7-7803-46FB-B420-9D85306C6460}.AppStore|iPhone.ActiveCfg = Release|Any CPU
		{C4CD4CB7-7803-46FB-B420-9D85306C6460}.AppStore|iPhone.Build.0 = Release|Any CPU
		{C4CD4CB7-7803-46FB-B420-9D85306C6460}.AppStore|iPhoneSimulator.ActiveCfg = Release|Any CPU
		{C4CD4CB7-7803-46FB-B420-9D85306C6460}.AppStore|iPhoneSimulator.Build.0 = Release|Any CPU
		{C4CD4CB7-7803-46FB-B420-9D85306C6460}.AppStore|x64.ActiveCfg = Release|Any CPU
		{C4CD4CB7-7803-46FB-B420-9D85306C6460}.AppStore|x64.Build.0 = Release|Any CPU
		{C4CD4CB7-7803-46FB-B420-9D85306C6460}.AppStore|x86.ActiveCfg = Release|Any CPU
		{C4CD4CB7-7803-46FB-B420-9D85306C6460}.AppStore|x86.Build.0 = Release|Any CPU
		{C4CD4CB7-7803-46FB-B420-9D85306C6460}.Debug|Any CPU.ActiveCfg = Debug|Any CPU
		{C4CD4CB7-7803-46FB-B420-9D85306C6460}.Debug|Any CPU.Build.0 = Debug|Any CPU
		{C4CD4CB7-7803-46FB-B420-9D85306C6460}.Debug|ARM.ActiveCfg = Debug|Any CPU
		{C4CD4CB7-7803-46FB-B420-9D85306C6460}.Debug|ARM.Build.0 = Debug|Any CPU
		{C4CD4CB7-7803-46FB-B420-9D85306C6460}.Debug|iPhone.ActiveCfg = Debug|Any CPU
		{C4CD4CB7-7803-46FB-B420-9D85306C6460}.Debug|iPhone.Build.0 = Debug|Any CPU
		{C4CD4CB7-7803-46FB-B420-9D85306C6460}.Debug|iPhoneSimulator.ActiveCfg = Debug|Any CPU
		{C4CD4CB7-7803-46FB-B420-9D85306C6460}.Debug|iPhoneSimulator.Build.0 = Debug|Any CPU
		{C4CD4CB7-7803-46FB-B420-9D85306C6460}.Debug|x64.ActiveCfg = Debug|Any CPU
		{C4CD4CB7-7803-46FB-B420-9D85306C6460}.Debug|x64.Build.0 = Debug|Any CPU
		{C4CD4CB7-7803-46FB-B420-9D85306C6460}.Debug|x86.ActiveCfg = Debug|Any CPU
		{C4CD4CB7-7803-46FB-B420-9D85306C6460}.Debug|x86.Build.0 = Debug|Any CPU
		{C4CD4CB7-7803-46FB-B420-9D85306C6460}.Release|Any CPU.ActiveCfg = Release|Any CPU
		{C4CD4CB7-7803-46FB-B420-9D85306C6460}.Release|Any CPU.Build.0 = Release|Any CPU
		{C4CD4CB7-7803-46FB-B420-9D85306C6460}.Release|ARM.ActiveCfg = Release|Any CPU
		{C4CD4CB7-7803-46FB-B420-9D85306C6460}.Release|ARM.Build.0 = Release|Any CPU
		{C4CD4CB7-7803-46FB-B420-9D85306C6460}.Release|iPhone.ActiveCfg = Release|Any CPU
		{C4CD4CB7-7803-46FB-B420-9D85306C6460}.Release|iPhone.Build.0 = Release|Any CPU
		{C4CD4CB7-7803-46FB-B420-9D85306C6460}.Release|iPhoneSimulator.ActiveCfg = Release|Any CPU
		{C4CD4CB7-7803-46FB-B420-9D85306C6460}.Release|iPhoneSimulator.Build.0 = Release|Any CPU
		{C4CD4CB7-7803-46FB-B420-9D85306C6460}.Release|x64.ActiveCfg = Release|Any CPU
		{C4CD4CB7-7803-46FB-B420-9D85306C6460}.Release|x64.Build.0 = Release|Any CPU
		{C4CD4CB7-7803-46FB-B420-9D85306C6460}.Release|x86.ActiveCfg = Release|Any CPU
		{C4CD4CB7-7803-46FB-B420-9D85306C6460}.Release|x86.Build.0 = Release|Any CPU
		{8DF00166-7B52-4A97-93BE-4591E41C3346}.Ad-Hoc|Any CPU.ActiveCfg = Release|Any CPU
		{8DF00166-7B52-4A97-93BE-4591E41C3346}.Ad-Hoc|Any CPU.Build.0 = Release|Any CPU
		{8DF00166-7B52-4A97-93BE-4591E41C3346}.Ad-Hoc|Any CPU.Deploy.0 = Release|Any CPU
		{8DF00166-7B52-4A97-93BE-4591E41C3346}.Ad-Hoc|ARM.ActiveCfg = Release|Any CPU
		{8DF00166-7B52-4A97-93BE-4591E41C3346}.Ad-Hoc|ARM.Build.0 = Release|Any CPU
		{8DF00166-7B52-4A97-93BE-4591E41C3346}.Ad-Hoc|ARM.Deploy.0 = Release|Any CPU
		{8DF00166-7B52-4A97-93BE-4591E41C3346}.Ad-Hoc|iPhone.ActiveCfg = Release|Any CPU
		{8DF00166-7B52-4A97-93BE-4591E41C3346}.Ad-Hoc|iPhone.Build.0 = Release|Any CPU
		{8DF00166-7B52-4A97-93BE-4591E41C3346}.Ad-Hoc|iPhone.Deploy.0 = Release|Any CPU
		{8DF00166-7B52-4A97-93BE-4591E41C3346}.Ad-Hoc|iPhoneSimulator.ActiveCfg = Release|Any CPU
		{8DF00166-7B52-4A97-93BE-4591E41C3346}.Ad-Hoc|iPhoneSimulator.Build.0 = Release|Any CPU
		{8DF00166-7B52-4A97-93BE-4591E41C3346}.Ad-Hoc|iPhoneSimulator.Deploy.0 = Release|Any CPU
		{8DF00166-7B52-4A97-93BE-4591E41C3346}.Ad-Hoc|x64.ActiveCfg = Release|Any CPU
		{8DF00166-7B52-4A97-93BE-4591E41C3346}.Ad-Hoc|x64.Build.0 = Release|Any CPU
		{8DF00166-7B52-4A97-93BE-4591E41C3346}.Ad-Hoc|x64.Deploy.0 = Release|Any CPU
		{8DF00166-7B52-4A97-93BE-4591E41C3346}.Ad-Hoc|x86.ActiveCfg = Release|Any CPU
		{8DF00166-7B52-4A97-93BE-4591E41C3346}.Ad-Hoc|x86.Build.0 = Release|Any CPU
		{8DF00166-7B52-4A97-93BE-4591E41C3346}.Ad-Hoc|x86.Deploy.0 = Release|Any CPU
		{8DF00166-7B52-4A97-93BE-4591E41C3346}.AppStore|Any CPU.ActiveCfg = Release|Any CPU
		{8DF00166-7B52-4A97-93BE-4591E41C3346}.AppStore|Any CPU.Build.0 = Release|Any CPU
		{8DF00166-7B52-4A97-93BE-4591E41C3346}.AppStore|Any CPU.Deploy.0 = Release|Any CPU
		{8DF00166-7B52-4A97-93BE-4591E41C3346}.AppStore|ARM.ActiveCfg = Release|Any CPU
		{8DF00166-7B52-4A97-93BE-4591E41C3346}.AppStore|ARM.Build.0 = Release|Any CPU
		{8DF00166-7B52-4A97-93BE-4591E41C3346}.AppStore|ARM.Deploy.0 = Release|Any CPU
		{8DF00166-7B52-4A97-93BE-4591E41C3346}.AppStore|iPhone.ActiveCfg = Release|Any CPU
		{8DF00166-7B52-4A97-93BE-4591E41C3346}.AppStore|iPhone.Build.0 = Release|Any CPU
		{8DF00166-7B52-4A97-93BE-4591E41C3346}.AppStore|iPhone.Deploy.0 = Release|Any CPU
		{8DF00166-7B52-4A97-93BE-4591E41C3346}.AppStore|iPhoneSimulator.ActiveCfg = Release|Any CPU
		{8DF00166-7B52-4A97-93BE-4591E41C3346}.AppStore|iPhoneSimulator.Build.0 = Release|Any CPU
		{8DF00166-7B52-4A97-93BE-4591E41C3346}.AppStore|iPhoneSimulator.Deploy.0 = Release|Any CPU
		{8DF00166-7B52-4A97-93BE-4591E41C3346}.AppStore|x64.ActiveCfg = Release|Any CPU
		{8DF00166-7B52-4A97-93BE-4591E41C3346}.AppStore|x64.Build.0 = Release|Any CPU
		{8DF00166-7B52-4A97-93BE-4591E41C3346}.AppStore|x64.Deploy.0 = Release|Any CPU
		{8DF00166-7B52-4A97-93BE-4591E41C3346}.AppStore|x86.ActiveCfg = Release|Any CPU
		{8DF00166-7B52-4A97-93BE-4591E41C3346}.AppStore|x86.Build.0 = Release|Any CPU
		{8DF00166-7B52-4A97-93BE-4591E41C3346}.AppStore|x86.Deploy.0 = Release|Any CPU
		{8DF00166-7B52-4A97-93BE-4591E41C3346}.Debug|Any CPU.ActiveCfg = Debug|Any CPU
		{8DF00166-7B52-4A97-93BE-4591E41C3346}.Debug|Any CPU.Build.0 = Debug|Any CPU
		{8DF00166-7B52-4A97-93BE-4591E41C3346}.Debug|Any CPU.Deploy.0 = Debug|Any CPU
		{8DF00166-7B52-4A97-93BE-4591E41C3346}.Debug|ARM.ActiveCfg = Debug|Any CPU
		{8DF00166-7B52-4A97-93BE-4591E41C3346}.Debug|ARM.Build.0 = Debug|Any CPU
		{8DF00166-7B52-4A97-93BE-4591E41C3346}.Debug|ARM.Deploy.0 = Debug|Any CPU
		{8DF00166-7B52-4A97-93BE-4591E41C3346}.Debug|iPhone.ActiveCfg = Debug|Any CPU
		{8DF00166-7B52-4A97-93BE-4591E41C3346}.Debug|iPhone.Build.0 = Debug|Any CPU
		{8DF00166-7B52-4A97-93BE-4591E41C3346}.Debug|iPhone.Deploy.0 = Debug|Any CPU
		{8DF00166-7B52-4A97-93BE-4591E41C3346}.Debug|iPhoneSimulator.ActiveCfg = Debug|Any CPU
		{8DF00166-7B52-4A97-93BE-4591E41C3346}.Debug|iPhoneSimulator.Build.0 = Debug|Any CPU
		{8DF00166-7B52-4A97-93BE-4591E41C3346}.Debug|iPhoneSimulator.Deploy.0 = Debug|Any CPU
		{8DF00166-7B52-4A97-93BE-4591E41C3346}.Debug|x64.ActiveCfg = Debug|Any CPU
		{8DF00166-7B52-4A97-93BE-4591E41C3346}.Debug|x64.Build.0 = Debug|Any CPU
		{8DF00166-7B52-4A97-93BE-4591E41C3346}.Debug|x64.Deploy.0 = Debug|Any CPU
		{8DF00166-7B52-4A97-93BE-4591E41C3346}.Debug|x86.ActiveCfg = Debug|Any CPU
		{8DF00166-7B52-4A97-93BE-4591E41C3346}.Debug|x86.Build.0 = Debug|Any CPU
		{8DF00166-7B52-4A97-93BE-4591E41C3346}.Debug|x86.Deploy.0 = Debug|Any CPU
		{8DF00166-7B52-4A97-93BE-4591E41C3346}.Release|Any CPU.ActiveCfg = Release|Any CPU
		{8DF00166-7B52-4A97-93BE-4591E41C3346}.Release|Any CPU.Build.0 = Release|Any CPU
		{8DF00166-7B52-4A97-93BE-4591E41C3346}.Release|Any CPU.Deploy.0 = Release|Any CPU
		{8DF00166-7B52-4A97-93BE-4591E41C3346}.Release|ARM.ActiveCfg = Release|Any CPU
		{8DF00166-7B52-4A97-93BE-4591E41C3346}.Release|ARM.Build.0 = Release|Any CPU
		{8DF00166-7B52-4A97-93BE-4591E41C3346}.Release|ARM.Deploy.0 = Release|Any CPU
		{8DF00166-7B52-4A97-93BE-4591E41C3346}.Release|iPhone.ActiveCfg = Release|Any CPU
		{8DF00166-7B52-4A97-93BE-4591E41C3346}.Release|iPhone.Build.0 = Release|Any CPU
		{8DF00166-7B52-4A97-93BE-4591E41C3346}.Release|iPhone.Deploy.0 = Release|Any CPU
		{8DF00166-7B52-4A97-93BE-4591E41C3346}.Release|iPhoneSimulator.ActiveCfg = Release|Any CPU
		{8DF00166-7B52-4A97-93BE-4591E41C3346}.Release|iPhoneSimulator.Build.0 = Release|Any CPU
		{8DF00166-7B52-4A97-93BE-4591E41C3346}.Release|iPhoneSimulator.Deploy.0 = Release|Any CPU
		{8DF00166-7B52-4A97-93BE-4591E41C3346}.Release|x64.ActiveCfg = Release|Any CPU
		{8DF00166-7B52-4A97-93BE-4591E41C3346}.Release|x64.Build.0 = Release|Any CPU
		{8DF00166-7B52-4A97-93BE-4591E41C3346}.Release|x64.Deploy.0 = Release|Any CPU
		{8DF00166-7B52-4A97-93BE-4591E41C3346}.Release|x86.ActiveCfg = Release|Any CPU
		{8DF00166-7B52-4A97-93BE-4591E41C3346}.Release|x86.Build.0 = Release|Any CPU
		{8DF00166-7B52-4A97-93BE-4591E41C3346}.Release|x86.Deploy.0 = Release|Any CPU
		{7741E51C-60B5-45D9-90F9-96119474EF02}.Ad-Hoc|Any CPU.ActiveCfg = Ad-Hoc|iPhone
		{7741E51C-60B5-45D9-90F9-96119474EF02}.Ad-Hoc|ARM.ActiveCfg = Ad-Hoc|iPhone
		{7741E51C-60B5-45D9-90F9-96119474EF02}.Ad-Hoc|iPhone.ActiveCfg = Ad-Hoc|iPhone
		{7741E51C-60B5-45D9-90F9-96119474EF02}.Ad-Hoc|iPhone.Build.0 = Ad-Hoc|iPhone
		{7741E51C-60B5-45D9-90F9-96119474EF02}.Ad-Hoc|iPhoneSimulator.ActiveCfg = Ad-Hoc|iPhoneSimulator
		{7741E51C-60B5-45D9-90F9-96119474EF02}.Ad-Hoc|iPhoneSimulator.Build.0 = Ad-Hoc|iPhoneSimulator
		{7741E51C-60B5-45D9-90F9-96119474EF02}.Ad-Hoc|x64.ActiveCfg = Ad-Hoc|iPhone
		{7741E51C-60B5-45D9-90F9-96119474EF02}.Ad-Hoc|x86.ActiveCfg = Ad-Hoc|iPhone
		{7741E51C-60B5-45D9-90F9-96119474EF02}.AppStore|Any CPU.ActiveCfg = AppStore|iPhone
		{7741E51C-60B5-45D9-90F9-96119474EF02}.AppStore|ARM.ActiveCfg = AppStore|iPhone
		{7741E51C-60B5-45D9-90F9-96119474EF02}.AppStore|iPhone.ActiveCfg = AppStore|iPhone
		{7741E51C-60B5-45D9-90F9-96119474EF02}.AppStore|iPhone.Build.0 = AppStore|iPhone
		{7741E51C-60B5-45D9-90F9-96119474EF02}.AppStore|iPhoneSimulator.ActiveCfg = AppStore|iPhoneSimulator
		{7741E51C-60B5-45D9-90F9-96119474EF02}.AppStore|iPhoneSimulator.Build.0 = AppStore|iPhoneSimulator
		{7741E51C-60B5-45D9-90F9-96119474EF02}.AppStore|x64.ActiveCfg = AppStore|iPhone
		{7741E51C-60B5-45D9-90F9-96119474EF02}.AppStore|x86.ActiveCfg = AppStore|iPhone
		{7741E51C-60B5-45D9-90F9-96119474EF02}.Debug|Any CPU.ActiveCfg = Debug|iPhone
		{7741E51C-60B5-45D9-90F9-96119474EF02}.Debug|ARM.ActiveCfg = Debug|iPhone
		{7741E51C-60B5-45D9-90F9-96119474EF02}.Debug|iPhone.ActiveCfg = Debug|iPhone
		{7741E51C-60B5-45D9-90F9-96119474EF02}.Debug|iPhone.Build.0 = Debug|iPhone
		{7741E51C-60B5-45D9-90F9-96119474EF02}.Debug|iPhoneSimulator.ActiveCfg = Debug|iPhoneSimulator
		{7741E51C-60B5-45D9-90F9-96119474EF02}.Debug|iPhoneSimulator.Build.0 = Debug|iPhoneSimulator
		{7741E51C-60B5-45D9-90F9-96119474EF02}.Debug|x64.ActiveCfg = Debug|iPhone
		{7741E51C-60B5-45D9-90F9-96119474EF02}.Debug|x86.ActiveCfg = Debug|iPhone
		{7741E51C-60B5-45D9-90F9-96119474EF02}.Release|Any CPU.ActiveCfg = Release|iPhone
		{7741E51C-60B5-45D9-90F9-96119474EF02}.Release|ARM.ActiveCfg = Release|iPhone
		{7741E51C-60B5-45D9-90F9-96119474EF02}.Release|iPhone.ActiveCfg = Release|iPhone
		{7741E51C-60B5-45D9-90F9-96119474EF02}.Release|iPhone.Build.0 = Release|iPhone
		{7741E51C-60B5-45D9-90F9-96119474EF02}.Release|iPhoneSimulator.ActiveCfg = Release|iPhoneSimulator
		{7741E51C-60B5-45D9-90F9-96119474EF02}.Release|iPhoneSimulator.Build.0 = Release|iPhoneSimulator
		{7741E51C-60B5-45D9-90F9-96119474EF02}.Release|x64.ActiveCfg = Release|iPhone
		{7741E51C-60B5-45D9-90F9-96119474EF02}.Release|x86.ActiveCfg = Release|iPhone
		{4AE6DCBF-58A7-4E0E-B174-8EA1C0F8F642}.Ad-Hoc|Any CPU.ActiveCfg = Release|Any CPU
		{4AE6DCBF-58A7-4E0E-B174-8EA1C0F8F642}.Ad-Hoc|Any CPU.Build.0 = Release|Any CPU
		{4AE6DCBF-58A7-4E0E-B174-8EA1C0F8F642}.Ad-Hoc|Any CPU.Deploy.0 = Release|Any CPU
		{4AE6DCBF-58A7-4E0E-B174-8EA1C0F8F642}.Ad-Hoc|ARM.ActiveCfg = Release|ARM
		{4AE6DCBF-58A7-4E0E-B174-8EA1C0F8F642}.Ad-Hoc|ARM.Build.0 = Release|ARM
		{4AE6DCBF-58A7-4E0E-B174-8EA1C0F8F642}.Ad-Hoc|ARM.Deploy.0 = Release|ARM
		{4AE6DCBF-58A7-4E0E-B174-8EA1C0F8F642}.Ad-Hoc|iPhone.ActiveCfg = Release|Any CPU
		{4AE6DCBF-58A7-4E0E-B174-8EA1C0F8F642}.Ad-Hoc|iPhone.Build.0 = Release|Any CPU
		{4AE6DCBF-58A7-4E0E-B174-8EA1C0F8F642}.Ad-Hoc|iPhone.Deploy.0 = Release|Any CPU
		{4AE6DCBF-58A7-4E0E-B174-8EA1C0F8F642}.Ad-Hoc|iPhoneSimulator.ActiveCfg = Release|Any CPU
		{4AE6DCBF-58A7-4E0E-B174-8EA1C0F8F642}.Ad-Hoc|iPhoneSimulator.Build.0 = Release|Any CPU
		{4AE6DCBF-58A7-4E0E-B174-8EA1C0F8F642}.Ad-Hoc|iPhoneSimulator.Deploy.0 = Release|Any CPU
		{4AE6DCBF-58A7-4E0E-B174-8EA1C0F8F642}.Ad-Hoc|x64.ActiveCfg = Release|Any CPU
		{4AE6DCBF-58A7-4E0E-B174-8EA1C0F8F642}.Ad-Hoc|x64.Build.0 = Release|Any CPU
		{4AE6DCBF-58A7-4E0E-B174-8EA1C0F8F642}.Ad-Hoc|x64.Deploy.0 = Release|Any CPU
		{4AE6DCBF-58A7-4E0E-B174-8EA1C0F8F642}.Ad-Hoc|x86.ActiveCfg = Release|x86
		{4AE6DCBF-58A7-4E0E-B174-8EA1C0F8F642}.Ad-Hoc|x86.Build.0 = Release|x86
		{4AE6DCBF-58A7-4E0E-B174-8EA1C0F8F642}.Ad-Hoc|x86.Deploy.0 = Release|x86
		{4AE6DCBF-58A7-4E0E-B174-8EA1C0F8F642}.AppStore|Any CPU.ActiveCfg = Release|Any CPU
		{4AE6DCBF-58A7-4E0E-B174-8EA1C0F8F642}.AppStore|Any CPU.Build.0 = Release|Any CPU
		{4AE6DCBF-58A7-4E0E-B174-8EA1C0F8F642}.AppStore|Any CPU.Deploy.0 = Release|Any CPU
		{4AE6DCBF-58A7-4E0E-B174-8EA1C0F8F642}.AppStore|ARM.ActiveCfg = Release|ARM
		{4AE6DCBF-58A7-4E0E-B174-8EA1C0F8F642}.AppStore|ARM.Build.0 = Release|ARM
		{4AE6DCBF-58A7-4E0E-B174-8EA1C0F8F642}.AppStore|ARM.Deploy.0 = Release|ARM
		{4AE6DCBF-58A7-4E0E-B174-8EA1C0F8F642}.AppStore|iPhone.ActiveCfg = Release|Any CPU
		{4AE6DCBF-58A7-4E0E-B174-8EA1C0F8F642}.AppStore|iPhone.Build.0 = Release|Any CPU
		{4AE6DCBF-58A7-4E0E-B174-8EA1C0F8F642}.AppStore|iPhone.Deploy.0 = Release|Any CPU
		{4AE6DCBF-58A7-4E0E-B174-8EA1C0F8F642}.AppStore|iPhoneSimulator.ActiveCfg = Release|Any CPU
		{4AE6DCBF-58A7-4E0E-B174-8EA1C0F8F642}.AppStore|iPhoneSimulator.Build.0 = Release|Any CPU
		{4AE6DCBF-58A7-4E0E-B174-8EA1C0F8F642}.AppStore|iPhoneSimulator.Deploy.0 = Release|Any CPU
		{4AE6DCBF-58A7-4E0E-B174-8EA1C0F8F642}.AppStore|x64.ActiveCfg = Release|Any CPU
		{4AE6DCBF-58A7-4E0E-B174-8EA1C0F8F642}.AppStore|x64.Build.0 = Release|Any CPU
		{4AE6DCBF-58A7-4E0E-B174-8EA1C0F8F642}.AppStore|x64.Deploy.0 = Release|Any CPU
		{4AE6DCBF-58A7-4E0E-B174-8EA1C0F8F642}.AppStore|x86.ActiveCfg = Release|x86
		{4AE6DCBF-58A7-4E0E-B174-8EA1C0F8F642}.AppStore|x86.Build.0 = Release|x86
		{4AE6DCBF-58A7-4E0E-B174-8EA1C0F8F642}.AppStore|x86.Deploy.0 = Release|x86
		{4AE6DCBF-58A7-4E0E-B174-8EA1C0F8F642}.Debug|Any CPU.ActiveCfg = Debug|Any CPU
		{4AE6DCBF-58A7-4E0E-B174-8EA1C0F8F642}.Debug|Any CPU.Build.0 = Debug|Any CPU
		{4AE6DCBF-58A7-4E0E-B174-8EA1C0F8F642}.Debug|Any CPU.Deploy.0 = Debug|Any CPU
		{4AE6DCBF-58A7-4E0E-B174-8EA1C0F8F642}.Debug|ARM.ActiveCfg = Debug|ARM
		{4AE6DCBF-58A7-4E0E-B174-8EA1C0F8F642}.Debug|ARM.Build.0 = Debug|ARM
		{4AE6DCBF-58A7-4E0E-B174-8EA1C0F8F642}.Debug|ARM.Deploy.0 = Debug|ARM
		{4AE6DCBF-58A7-4E0E-B174-8EA1C0F8F642}.Debug|iPhone.ActiveCfg = Debug|Any CPU
		{4AE6DCBF-58A7-4E0E-B174-8EA1C0F8F642}.Debug|iPhone.Build.0 = Debug|Any CPU
		{4AE6DCBF-58A7-4E0E-B174-8EA1C0F8F642}.Debug|iPhone.Deploy.0 = Debug|Any CPU
		{4AE6DCBF-58A7-4E0E-B174-8EA1C0F8F642}.Debug|iPhoneSimulator.ActiveCfg = Debug|Any CPU
		{4AE6DCBF-58A7-4E0E-B174-8EA1C0F8F642}.Debug|iPhoneSimulator.Build.0 = Debug|Any CPU
		{4AE6DCBF-58A7-4E0E-B174-8EA1C0F8F642}.Debug|iPhoneSimulator.Deploy.0 = Debug|Any CPU
		{4AE6DCBF-58A7-4E0E-B174-8EA1C0F8F642}.Debug|x64.ActiveCfg = Debug|Any CPU
		{4AE6DCBF-58A7-4E0E-B174-8EA1C0F8F642}.Debug|x64.Build.0 = Debug|Any CPU
		{4AE6DCBF-58A7-4E0E-B174-8EA1C0F8F642}.Debug|x64.Deploy.0 = Debug|Any CPU
		{4AE6DCBF-58A7-4E0E-B174-8EA1C0F8F642}.Debug|x86.ActiveCfg = Debug|x86
		{4AE6DCBF-58A7-4E0E-B174-8EA1C0F8F642}.Debug|x86.Build.0 = Debug|x86
		{4AE6DCBF-58A7-4E0E-B174-8EA1C0F8F642}.Debug|x86.Deploy.0 = Debug|x86
		{4AE6DCBF-58A7-4E0E-B174-8EA1C0F8F642}.Release|Any CPU.ActiveCfg = Release|Any CPU
		{4AE6DCBF-58A7-4E0E-B174-8EA1C0F8F642}.Release|Any CPU.Build.0 = Release|Any CPU
		{4AE6DCBF-58A7-4E0E-B174-8EA1C0F8F642}.Release|Any CPU.Deploy.0 = Release|Any CPU
		{4AE6DCBF-58A7-4E0E-B174-8EA1C0F8F642}.Release|ARM.ActiveCfg = Release|ARM
		{4AE6DCBF-58A7-4E0E-B174-8EA1C0F8F642}.Release|ARM.Build.0 = Release|ARM
		{4AE6DCBF-58A7-4E0E-B174-8EA1C0F8F642}.Release|ARM.Deploy.0 = Release|ARM
		{4AE6DCBF-58A7-4E0E-B174-8EA1C0F8F642}.Release|iPhone.ActiveCfg = Release|Any CPU
		{4AE6DCBF-58A7-4E0E-B174-8EA1C0F8F642}.Release|iPhone.Build.0 = Release|Any CPU
		{4AE6DCBF-58A7-4E0E-B174-8EA1C0F8F642}.Release|iPhone.Deploy.0 = Release|Any CPU
		{4AE6DCBF-58A7-4E0E-B174-8EA1C0F8F642}.Release|iPhoneSimulator.ActiveCfg = Release|Any CPU
		{4AE6DCBF-58A7-4E0E-B174-8EA1C0F8F642}.Release|iPhoneSimulator.Build.0 = Release|Any CPU
		{4AE6DCBF-58A7-4E0E-B174-8EA1C0F8F642}.Release|iPhoneSimulator.Deploy.0 = Release|Any CPU
		{4AE6DCBF-58A7-4E0E-B174-8EA1C0F8F642}.Release|x64.ActiveCfg = Release|Any CPU
		{4AE6DCBF-58A7-4E0E-B174-8EA1C0F8F642}.Release|x64.Build.0 = Release|Any CPU
		{4AE6DCBF-58A7-4E0E-B174-8EA1C0F8F642}.Release|x64.Deploy.0 = Release|Any CPU
		{4AE6DCBF-58A7-4E0E-B174-8EA1C0F8F642}.Release|x86.ActiveCfg = Release|x86
		{4AE6DCBF-58A7-4E0E-B174-8EA1C0F8F642}.Release|x86.Build.0 = Release|x86
		{4AE6DCBF-58A7-4E0E-B174-8EA1C0F8F642}.Release|x86.Deploy.0 = Release|x86
		{B3ADB4FD-A373-4014-BF78-A21FA384C26B}.Ad-Hoc|Any CPU.ActiveCfg = Release|Any CPU
		{B3ADB4FD-A373-4014-BF78-A21FA384C26B}.Ad-Hoc|Any CPU.Build.0 = Release|Any CPU
		{B3ADB4FD-A373-4014-BF78-A21FA384C26B}.Ad-Hoc|Any CPU.Deploy.0 = Release|Any CPU
		{B3ADB4FD-A373-4014-BF78-A21FA384C26B}.Ad-Hoc|ARM.ActiveCfg = Release|ARM
		{B3ADB4FD-A373-4014-BF78-A21FA384C26B}.Ad-Hoc|ARM.Build.0 = Release|ARM
		{B3ADB4FD-A373-4014-BF78-A21FA384C26B}.Ad-Hoc|ARM.Deploy.0 = Release|ARM
		{B3ADB4FD-A373-4014-BF78-A21FA384C26B}.Ad-Hoc|iPhone.ActiveCfg = Release|Any CPU
		{B3ADB4FD-A373-4014-BF78-A21FA384C26B}.Ad-Hoc|iPhone.Build.0 = Release|Any CPU
		{B3ADB4FD-A373-4014-BF78-A21FA384C26B}.Ad-Hoc|iPhone.Deploy.0 = Release|Any CPU
		{B3ADB4FD-A373-4014-BF78-A21FA384C26B}.Ad-Hoc|iPhoneSimulator.ActiveCfg = Release|Any CPU
		{B3ADB4FD-A373-4014-BF78-A21FA384C26B}.Ad-Hoc|iPhoneSimulator.Build.0 = Release|Any CPU
		{B3ADB4FD-A373-4014-BF78-A21FA384C26B}.Ad-Hoc|iPhoneSimulator.Deploy.0 = Release|Any CPU
		{B3ADB4FD-A373-4014-BF78-A21FA384C26B}.Ad-Hoc|x64.ActiveCfg = Release|x64
		{B3ADB4FD-A373-4014-BF78-A21FA384C26B}.Ad-Hoc|x64.Build.0 = Release|x64
		{B3ADB4FD-A373-4014-BF78-A21FA384C26B}.Ad-Hoc|x64.Deploy.0 = Release|x64
		{B3ADB4FD-A373-4014-BF78-A21FA384C26B}.Ad-Hoc|x86.ActiveCfg = Release|x86
		{B3ADB4FD-A373-4014-BF78-A21FA384C26B}.Ad-Hoc|x86.Build.0 = Release|x86
		{B3ADB4FD-A373-4014-BF78-A21FA384C26B}.Ad-Hoc|x86.Deploy.0 = Release|x86
		{B3ADB4FD-A373-4014-BF78-A21FA384C26B}.AppStore|Any CPU.ActiveCfg = Release|Any CPU
		{B3ADB4FD-A373-4014-BF78-A21FA384C26B}.AppStore|Any CPU.Build.0 = Release|Any CPU
		{B3ADB4FD-A373-4014-BF78-A21FA384C26B}.AppStore|Any CPU.Deploy.0 = Release|Any CPU
		{B3ADB4FD-A373-4014-BF78-A21FA384C26B}.AppStore|ARM.ActiveCfg = Release|ARM
		{B3ADB4FD-A373-4014-BF78-A21FA384C26B}.AppStore|ARM.Build.0 = Release|ARM
		{B3ADB4FD-A373-4014-BF78-A21FA384C26B}.AppStore|ARM.Deploy.0 = Release|ARM
		{B3ADB4FD-A373-4014-BF78-A21FA384C26B}.AppStore|iPhone.ActiveCfg = Release|Any CPU
		{B3ADB4FD-A373-4014-BF78-A21FA384C26B}.AppStore|iPhone.Build.0 = Release|Any CPU
		{B3ADB4FD-A373-4014-BF78-A21FA384C26B}.AppStore|iPhone.Deploy.0 = Release|Any CPU
		{B3ADB4FD-A373-4014-BF78-A21FA384C26B}.AppStore|iPhoneSimulator.ActiveCfg = Release|Any CPU
		{B3ADB4FD-A373-4014-BF78-A21FA384C26B}.AppStore|iPhoneSimulator.Build.0 = Release|Any CPU
		{B3ADB4FD-A373-4014-BF78-A21FA384C26B}.AppStore|iPhoneSimulator.Deploy.0 = Release|Any CPU
		{B3ADB4FD-A373-4014-BF78-A21FA384C26B}.AppStore|x64.ActiveCfg = Release|x64
		{B3ADB4FD-A373-4014-BF78-A21FA384C26B}.AppStore|x64.Build.0 = Release|x64
		{B3ADB4FD-A373-4014-BF78-A21FA384C26B}.AppStore|x64.Deploy.0 = Release|x64
		{B3ADB4FD-A373-4014-BF78-A21FA384C26B}.AppStore|x86.ActiveCfg = Release|x86
		{B3ADB4FD-A373-4014-BF78-A21FA384C26B}.AppStore|x86.Build.0 = Release|x86
		{B3ADB4FD-A373-4014-BF78-A21FA384C26B}.AppStore|x86.Deploy.0 = Release|x86
		{B3ADB4FD-A373-4014-BF78-A21FA384C26B}.Debug|Any CPU.ActiveCfg = Debug|Any CPU
		{B3ADB4FD-A373-4014-BF78-A21FA384C26B}.Debug|Any CPU.Build.0 = Debug|Any CPU
		{B3ADB4FD-A373-4014-BF78-A21FA384C26B}.Debug|Any CPU.Deploy.0 = Debug|Any CPU
		{B3ADB4FD-A373-4014-BF78-A21FA384C26B}.Debug|ARM.ActiveCfg = Debug|ARM
		{B3ADB4FD-A373-4014-BF78-A21FA384C26B}.Debug|ARM.Build.0 = Debug|ARM
		{B3ADB4FD-A373-4014-BF78-A21FA384C26B}.Debug|ARM.Deploy.0 = Debug|ARM
		{B3ADB4FD-A373-4014-BF78-A21FA384C26B}.Debug|iPhone.ActiveCfg = Debug|Any CPU
		{B3ADB4FD-A373-4014-BF78-A21FA384C26B}.Debug|iPhone.Build.0 = Debug|Any CPU
		{B3ADB4FD-A373-4014-BF78-A21FA384C26B}.Debug|iPhone.Deploy.0 = Debug|Any CPU
		{B3ADB4FD-A373-4014-BF78-A21FA384C26B}.Debug|iPhoneSimulator.ActiveCfg = Debug|Any CPU
		{B3ADB4FD-A373-4014-BF78-A21FA384C26B}.Debug|iPhoneSimulator.Build.0 = Debug|Any CPU
		{B3ADB4FD-A373-4014-BF78-A21FA384C26B}.Debug|iPhoneSimulator.Deploy.0 = Debug|Any CPU
		{B3ADB4FD-A373-4014-BF78-A21FA384C26B}.Debug|x64.ActiveCfg = Debug|x64
		{B3ADB4FD-A373-4014-BF78-A21FA384C26B}.Debug|x64.Build.0 = Debug|x64
		{B3ADB4FD-A373-4014-BF78-A21FA384C26B}.Debug|x64.Deploy.0 = Debug|x64
		{B3ADB4FD-A373-4014-BF78-A21FA384C26B}.Debug|x86.ActiveCfg = Debug|x86
		{B3ADB4FD-A373-4014-BF78-A21FA384C26B}.Debug|x86.Build.0 = Debug|x86
		{B3ADB4FD-A373-4014-BF78-A21FA384C26B}.Debug|x86.Deploy.0 = Debug|x86
		{B3ADB4FD-A373-4014-BF78-A21FA384C26B}.Release|Any CPU.ActiveCfg = Release|Any CPU
		{B3ADB4FD-A373-4014-BF78-A21FA384C26B}.Release|Any CPU.Build.0 = Release|Any CPU
		{B3ADB4FD-A373-4014-BF78-A21FA384C26B}.Release|Any CPU.Deploy.0 = Release|Any CPU
		{B3ADB4FD-A373-4014-BF78-A21FA384C26B}.Release|ARM.ActiveCfg = Release|ARM
		{B3ADB4FD-A373-4014-BF78-A21FA384C26B}.Release|ARM.Build.0 = Release|ARM
		{B3ADB4FD-A373-4014-BF78-A21FA384C26B}.Release|ARM.Deploy.0 = Release|ARM
		{B3ADB4FD-A373-4014-BF78-A21FA384C26B}.Release|iPhone.ActiveCfg = Release|Any CPU
		{B3ADB4FD-A373-4014-BF78-A21FA384C26B}.Release|iPhone.Build.0 = Release|Any CPU
		{B3ADB4FD-A373-4014-BF78-A21FA384C26B}.Release|iPhone.Deploy.0 = Release|Any CPU
		{B3ADB4FD-A373-4014-BF78-A21FA384C26B}.Release|iPhoneSimulator.ActiveCfg = Release|Any CPU
		{B3ADB4FD-A373-4014-BF78-A21FA384C26B}.Release|iPhoneSimulator.Build.0 = Release|Any CPU
		{B3ADB4FD-A373-4014-BF78-A21FA384C26B}.Release|iPhoneSimulator.Deploy.0 = Release|Any CPU
		{B3ADB4FD-A373-4014-BF78-A21FA384C26B}.Release|x64.ActiveCfg = Release|x64
		{B3ADB4FD-A373-4014-BF78-A21FA384C26B}.Release|x64.Build.0 = Release|x64
		{B3ADB4FD-A373-4014-BF78-A21FA384C26B}.Release|x64.Deploy.0 = Release|x64
		{B3ADB4FD-A373-4014-BF78-A21FA384C26B}.Release|x86.ActiveCfg = Release|x86
		{B3ADB4FD-A373-4014-BF78-A21FA384C26B}.Release|x86.Build.0 = Release|x86
		{B3ADB4FD-A373-4014-BF78-A21FA384C26B}.Release|x86.Deploy.0 = Release|x86
	EndGlobalSection
	GlobalSection(SolutionProperties) = preSolution
		HideSolutionNode = FALSE
	EndGlobalSection
EndGlobal
